
Microsoft Visual Studio Solution File, Format Version 12.00
# Visual Studio Version 16
VisualStudioVersion = 16.0.30907.101
MinimumVisualStudioVersion = 10.0.40219.1
Project("{9A19103F-16F7-4668-BE54-9A1E7A4F7556}") = "Console", "ReCapProject\Console.csproj", "{3D9D1F9A-13E2-4FE8-93F6-60591F3F58B3}"
EndProject
Project("{9A19103F-16F7-4668-BE54-9A1E7A4F7556}") = "Entities", "Entities\Entities.csproj", "{5CE903E4-40F8-4E9C-A6DD-346E2F2D88F2}"
EndProject
Project("{9A19103F-16F7-4668-BE54-9A1E7A4F7556}") = "DataAccess", "DataAccess\DataAccess.csproj", "{998BCF27-56EC-43B3-B91D-41211A3EF098}"
EndProject
Project("{9A19103F-16F7-4668-BE54-9A1E7A4F7556}") = "Business", "Business\Business.csproj", "{B196B4A9-FCB9-4EF7-BE6C-60F5F3DCE361}"
EndProject
Project("{FAE04EC0-301F-11D3-BF4B-00C04F79EFBC}") = "Core", "Core\Core.csproj", "{DC6224E8-DC07-49DA-9C15-3CD1B50D16CA}"
EndProject
Global
	GlobalSection(SolutionConfigurationPlatforms) = preSolution
		Debug|Any CPU = Debug|Any CPU
		Release|Any CPU = Release|Any CPU
	EndGlobalSection
	GlobalSection(ProjectConfigurationPlatforms) = postSolution
		{3D9D1F9A-13E2-4FE8-93F6-60591F3F58B3}.Debug|Any CPU.ActiveCfg = Debug|Any CPU
		{3D9D1F9A-13E2-4FE8-93F6-60591F3F58B3}.Debug|Any CPU.Build.0 = Debug|Any CPU
		{3D9D1F9A-13E2-4FE8-93F6-60591F3F58B3}.Release|Any CPU.ActiveCfg = Release|Any CPU
		{3D9D1F9A-13E2-4FE8-93F6-60591F3F58B3}.Release|Any CPU.Build.0 = Release|Any CPU
		{5CE903E4-40F8-4E9C-A6DD-346E2F2D88F2}.Debug|Any CPU.ActiveCfg = Debug|Any CPU
		{5CE903E4-40F8-4E9C-A6DD-346E2F2D88F2}.Debug|Any CPU.Build.0 = Debug|Any CPU
		{5CE903E4-40F8-4E9C-A6DD-346E2F2D88F2}.Release|Any CPU.ActiveCfg = Release|Any CPU
		{5CE903E4-40F8-4E9C-A6DD-346E2F2D88F2}.Release|Any CPU.Build.0 = Release|Any CPU
		{998BCF27-56EC-43B3-B91D-41211A3EF098}.Debug|Any CPU.ActiveCfg = Debug|Any CPU
		{998BCF27-56EC-43B3-B91D-41211A3EF098}.Debug|Any CPU.Build.0 = Debug|Any CPU
		{998BCF27-56EC-43B3-B91D-41211A3EF098}.Release|Any CPU.ActiveCfg = Release|Any CPU
		{998BCF27-56EC-43B3-B91D-41211A3EF098}.Release|Any CPU.Build.0 = Release|Any CPU
		{B196B4A9-FCB9-4EF7-BE6C-60F5F3DCE361}.Debug|Any CPU.ActiveCfg = Debug|Any CPU
		{B196B4A9-FCB9-4EF7-BE6C-60F5F3DCE361}.Debug|Any CPU.Build.0 = Debug|Any CPU
		{B196B4A9-FCB9-4EF7-BE6C-60F5F3DCE361}.Release|Any CPU.ActiveCfg = Release|Any CPU
		{B196B4A9-FCB9-4EF7-BE6C-60F5F3DCE361}.Release|Any CPU.Build.0 = Release|Any CPU
		{DC6224E8-DC07-49DA-9C15-3CD1B50D16CA}.Debug|Any CPU.ActiveCfg = Debug|Any CPU
		{DC6224E8-DC07-49DA-9C15-3CD1B50D16CA}.Debug|Any CPU.Build.0 = Debug|Any CPU
		{DC6224E8-DC07-49DA-9C15-3CD1B50D16CA}.Release|Any CPU.ActiveCfg = Release|Any CPU
		{DC6224E8-DC07-49DA-9C15-3CD1B50D16CA}.Release|Any CPU.Build.0 = Release|Any CPU
	EndGlobalSection
	GlobalSection(SolutionProperties) = preSolution
		HideSolutionNode = FALSE
	EndGlobalSection
	GlobalSection(ExtensibilityGlobals) = postSolution
		SolutionGuid = {6FC833E7-EAC8-4B3F-9DA5-8F41CAD9F730}
	EndGlobalSection
EndGlobal
